// !$*UTF8*$!
{
	archiveVersion = 1;
	classes = {
	};
	objectVersion = 55;
	objects = {

/* Begin PBXBuildFile section */
		2A40D4DE2838498200F7D542 /* VeepeeWeatherApp.swift in Sources */ = {isa = PBXBuildFile; fileRef = 2A40D4DD2838498200F7D542 /* VeepeeWeatherApp.swift */; };
		2A40D4E02838498200F7D542 /* ContentView.swift in Sources */ = {isa = PBXBuildFile; fileRef = 2A40D4DF2838498200F7D542 /* ContentView.swift */; };
		2A40D4E22838498200F7D542 /* Assets.xcassets in Resources */ = {isa = PBXBuildFile; fileRef = 2A40D4E12838498200F7D542 /* Assets.xcassets */; };
		2A40D4E52838498200F7D542 /* Preview Assets.xcassets in Resources */ = {isa = PBXBuildFile; fileRef = 2A40D4E42838498200F7D542 /* Preview Assets.xcassets */; };
		2A40D4FC28384FE700F7D542 /* VeepeeWeatherAppTests.swift in Sources */ = {isa = PBXBuildFile; fileRef = 2A40D4FB28384FE700F7D542 /* VeepeeWeatherAppTests.swift */; };
		2A40D4FE283850CE00F7D542 /* VeepeeWeatherMain.swift in Sources */ = {isa = PBXBuildFile; fileRef = 2A40D4FD283850CE00F7D542 /* VeepeeWeatherMain.swift */; };
		2A40D502283854B900F7D542 /* TabBarNavigationView.swift in Sources */ = {isa = PBXBuildFile; fileRef = 2A40D501283854B900F7D542 /* TabBarNavigationView.swift */; };
		2A40D5052838560C00F7D542 /* NavigationItem.swift in Sources */ = {isa = PBXBuildFile; fileRef = 2A40D5042838560C00F7D542 /* NavigationItem.swift */; };
		2A40D5082838569800F7D542 /* NavigationService.swift in Sources */ = {isa = PBXBuildFile; fileRef = 2A40D5072838569800F7D542 /* NavigationService.swift */; };
		2A40D50C2838572500F7D542 /* NavigationProtocol.swift in Sources */ = {isa = PBXBuildFile; fileRef = 2A40D50B2838572500F7D542 /* NavigationProtocol.swift */; };
		2A40D50E28385B7700F7D542 /* SideBarNavigationView.swift in Sources */ = {isa = PBXBuildFile; fileRef = 2A40D50D28385B7700F7D542 /* SideBarNavigationView.swift */; };
		2A40D5122838654800F7D542 /* WeatherView.swift in Sources */ = {isa = PBXBuildFile; fileRef = 2A40D5112838654800F7D542 /* WeatherView.swift */; };
		2A40D51428386DCB00F7D542 /* ServerSideService.swift in Sources */ = {isa = PBXBuildFile; fileRef = 2A40D51328386DCB00F7D542 /* ServerSideService.swift */; };
		2A40D51728386FBC00F7D542 /* URLSessionProtocol.swift in Sources */ = {isa = PBXBuildFile; fileRef = 2A40D51628386FBC00F7D542 /* URLSessionProtocol.swift */; };
		2A40D51A2838720B00F7D542 /* ForecastData.swift in Sources */ = {isa = PBXBuildFile; fileRef = 2A40D5192838720B00F7D542 /* ForecastData.swift */; };
		2A40D51C2838747A00F7D542 /* ServerSideError.swift in Sources */ = {isa = PBXBuildFile; fileRef = 2A40D51B2838747A00F7D542 /* ServerSideError.swift */; };
		2A40D51F283876F200F7D542 /* WeatherViewModel.swift in Sources */ = {isa = PBXBuildFile; fileRef = 2A40D51E283876F200F7D542 /* WeatherViewModel.swift */; };
		2A40D5232838775500F7D542 /* WeatherViewModelTests.swift in Sources */ = {isa = PBXBuildFile; fileRef = 2A40D5222838775500F7D542 /* WeatherViewModelTests.swift */; };
		2A40D5252838789100F7D542 /* ServerSideProtocol.swift in Sources */ = {isa = PBXBuildFile; fileRef = 2A40D5242838789100F7D542 /* ServerSideProtocol.swift */; };
		2A40D52A2838E5A300F7D542 /* ServerSideServiceMock.swift in Sources */ = {isa = PBXBuildFile; fileRef = 2A40D5292838E5A300F7D542 /* ServerSideServiceMock.swift */; };
		2A40D52E2838E8A700F7D542 /* ForecastDataFakes.swift in Sources */ = {isa = PBXBuildFile; fileRef = 2A40D52D2838E8A700F7D542 /* ForecastDataFakes.swift */; };
		2A40D5332838EF2500F7D542 /* URLSessionMock.swift in Sources */ = {isa = PBXBuildFile; fileRef = 2A40D5322838EF2500F7D542 /* URLSessionMock.swift */; };
		2A40D5362838F6A400F7D542 /* JsonFileName.swift in Sources */ = {isa = PBXBuildFile; fileRef = 2A40D5352838F6A400F7D542 /* JsonFileName.swift */; };
		2A40D5382838F6F400F7D542 /* ForecastData.json in Resources */ = {isa = PBXBuildFile; fileRef = 2A40D5372838F6F400F7D542 /* ForecastData.json */; };
		2A40D53B2838F8B100F7D542 /* UnitTestsHelpers.swift in Sources */ = {isa = PBXBuildFile; fileRef = 2A40D53A2838F8B100F7D542 /* UnitTestsHelpers.swift */; };
		2A40D53D2839103700F7D542 /* WeatherAlert.swift in Sources */ = {isa = PBXBuildFile; fileRef = 2A40D53C2839103700F7D542 /* WeatherAlert.swift */; };
		2A40D54428396E5600F7D542 /* MainProgressView.swift in Sources */ = {isa = PBXBuildFile; fileRef = 2A40D54328396E5600F7D542 /* MainProgressView.swift */; };
		2A40D54728396F3400F7D542 /* Color+Name.swift in Sources */ = {isa = PBXBuildFile; fileRef = 2A40D54628396F3400F7D542 /* Color+Name.swift */; };
		2A40D54B283979F600F7D542 /* CoreDataModel.xcdatamodeld in Sources */ = {isa = PBXBuildFile; fileRef = 2A40D549283979F600F7D542 /* CoreDataModel.xcdatamodeld */; };
		2A40D54D28397A1000F7D542 /* CoreDataService.swift in Sources */ = {isa = PBXBuildFile; fileRef = 2A40D54C28397A1000F7D542 /* CoreDataService.swift */; };
		2A40D5542839A54600F7D542 /* CityLocal.swift in Sources */ = {isa = PBXBuildFile; fileRef = 2A40D5532839A54600F7D542 /* CityLocal.swift */; };
		2A735DD428D90504002EAFA9 /* WeatherCell.swift in Sources */ = {isa = PBXBuildFile; fileRef = 2A735DD328D90504002EAFA9 /* WeatherCell.swift */; };
		2A735DD728D90662002EAFA9 /* WeatherFixtures.swift in Sources */ = {isa = PBXBuildFile; fileRef = 2A735DD628D90662002EAFA9 /* WeatherFixtures.swift */; };
		2A735DDB28D90F4D002EAFA9 /* SmallTemperatureView.swift in Sources */ = {isa = PBXBuildFile; fileRef = 2A735DDA28D90F4D002EAFA9 /* SmallTemperatureView.swift */; };
		2A735DE228D92ADA002EAFA9 /* WeatherDetailsView.swift in Sources */ = {isa = PBXBuildFile; fileRef = 2A735DE128D92ADA002EAFA9 /* WeatherDetailsView.swift */; };
		2AE14CAF283A92110041BA5E /* WeatherLocal.swift in Sources */ = {isa = PBXBuildFile; fileRef = 2AE14CAE283A92110041BA5E /* WeatherLocal.swift */; };
		2AE14CB1283A96190041BA5E /* Date+Format.swift in Sources */ = {isa = PBXBuildFile; fileRef = 2AE14CB0283A96190041BA5E /* Date+Format.swift */; };
		2AF1B75828DA7CCC00935731 /* MediumTemperatureView.swift in Sources */ = {isa = PBXBuildFile; fileRef = 2AF1B75728DA7CCC00935731 /* MediumTemperatureView.swift */; };
		2AF1B75D28DBB3D900935731 /* AsyncImageView.swift in Sources */ = {isa = PBXBuildFile; fileRef = 2AF1B75C28DBB3D900935731 /* AsyncImageView.swift */; };
/* End PBXBuildFile section */

/* Begin PBXContainerItemProxy section */
		2A40D4F328384ED300F7D542 /* PBXContainerItemProxy */ = {
			isa = PBXContainerItemProxy;
			containerPortal = 2A40D4D22838498200F7D542 /* Project object */;
			proxyType = 1;
			remoteGlobalIDString = 2A40D4D92838498200F7D542;
			remoteInfo = VeepeeWeather;
		};
/* End PBXContainerItemProxy section */

/* Begin PBXFileReference section */
		2A40D4DA2838498200F7D542 /* VeepeeWeather.app */ = {isa = PBXFileReference; explicitFileType = wrapper.application; includeInIndex = 0; path = VeepeeWeather.app; sourceTree = BUILT_PRODUCTS_DIR; };
		2A40D4DD2838498200F7D542 /* VeepeeWeatherApp.swift */ = {isa = PBXFileReference; lastKnownFileType = sourcecode.swift; path = VeepeeWeatherApp.swift; sourceTree = "<group>"; };
		2A40D4DF2838498200F7D542 /* ContentView.swift */ = {isa = PBXFileReference; lastKnownFileType = sourcecode.swift; path = ContentView.swift; sourceTree = "<group>"; };
		2A40D4E12838498200F7D542 /* Assets.xcassets */ = {isa = PBXFileReference; lastKnownFileType = folder.assetcatalog; path = Assets.xcassets; sourceTree = "<group>"; };
		2A40D4E42838498200F7D542 /* Preview Assets.xcassets */ = {isa = PBXFileReference; lastKnownFileType = folder.assetcatalog; path = "Preview Assets.xcassets"; sourceTree = "<group>"; };
		2A40D4EF28384ED300F7D542 /* VeepeeWeatherTests.xctest */ = {isa = PBXFileReference; explicitFileType = wrapper.cfbundle; includeInIndex = 0; path = VeepeeWeatherTests.xctest; sourceTree = BUILT_PRODUCTS_DIR; };
		2A40D4F928384EF800F7D542 /* Development.xctestplan */ = {isa = PBXFileReference; lastKnownFileType = text; path = Development.xctestplan; sourceTree = "<group>"; };
		2A40D4FB28384FE700F7D542 /* VeepeeWeatherAppTests.swift */ = {isa = PBXFileReference; lastKnownFileType = sourcecode.swift; path = VeepeeWeatherAppTests.swift; sourceTree = "<group>"; };
		2A40D4FD283850CE00F7D542 /* VeepeeWeatherMain.swift */ = {isa = PBXFileReference; lastKnownFileType = sourcecode.swift; path = VeepeeWeatherMain.swift; sourceTree = "<group>"; };
		2A40D501283854B900F7D542 /* TabBarNavigationView.swift */ = {isa = PBXFileReference; lastKnownFileType = sourcecode.swift; path = TabBarNavigationView.swift; sourceTree = "<group>"; };
		2A40D5042838560C00F7D542 /* NavigationItem.swift */ = {isa = PBXFileReference; lastKnownFileType = sourcecode.swift; path = NavigationItem.swift; sourceTree = "<group>"; };
		2A40D5072838569800F7D542 /* NavigationService.swift */ = {isa = PBXFileReference; lastKnownFileType = sourcecode.swift; path = NavigationService.swift; sourceTree = "<group>"; };
		2A40D50B2838572500F7D542 /* NavigationProtocol.swift */ = {isa = PBXFileReference; lastKnownFileType = sourcecode.swift; path = NavigationProtocol.swift; sourceTree = "<group>"; };
		2A40D50D28385B7700F7D542 /* SideBarNavigationView.swift */ = {isa = PBXFileReference; lastKnownFileType = sourcecode.swift; path = SideBarNavigationView.swift; sourceTree = "<group>"; };
		2A40D5112838654800F7D542 /* WeatherView.swift */ = {isa = PBXFileReference; lastKnownFileType = sourcecode.swift; path = WeatherView.swift; sourceTree = "<group>"; };
		2A40D51328386DCB00F7D542 /* ServerSideService.swift */ = {isa = PBXFileReference; lastKnownFileType = sourcecode.swift; path = ServerSideService.swift; sourceTree = "<group>"; };
		2A40D51628386FBC00F7D542 /* URLSessionProtocol.swift */ = {isa = PBXFileReference; lastKnownFileType = sourcecode.swift; path = URLSessionProtocol.swift; sourceTree = "<group>"; };
		2A40D5192838720B00F7D542 /* ForecastData.swift */ = {isa = PBXFileReference; lastKnownFileType = sourcecode.swift; path = ForecastData.swift; sourceTree = "<group>"; };
		2A40D51B2838747A00F7D542 /* ServerSideError.swift */ = {isa = PBXFileReference; lastKnownFileType = sourcecode.swift; path = ServerSideError.swift; sourceTree = "<group>"; };
		2A40D51E283876F200F7D542 /* WeatherViewModel.swift */ = {isa = PBXFileReference; lastKnownFileType = sourcecode.swift; path = WeatherViewModel.swift; sourceTree = "<group>"; };
		2A40D5222838775500F7D542 /* WeatherViewModelTests.swift */ = {isa = PBXFileReference; lastKnownFileType = sourcecode.swift; path = WeatherViewModelTests.swift; sourceTree = "<group>"; };
		2A40D5242838789100F7D542 /* ServerSideProtocol.swift */ = {isa = PBXFileReference; lastKnownFileType = sourcecode.swift; path = ServerSideProtocol.swift; sourceTree = "<group>"; };
		2A40D5292838E5A300F7D542 /* ServerSideServiceMock.swift */ = {isa = PBXFileReference; lastKnownFileType = sourcecode.swift; path = ServerSideServiceMock.swift; sourceTree = "<group>"; };
		2A40D52D2838E8A700F7D542 /* ForecastDataFakes.swift */ = {isa = PBXFileReference; lastKnownFileType = sourcecode.swift; path = ForecastDataFakes.swift; sourceTree = "<group>"; };
		2A40D5322838EF2500F7D542 /* URLSessionMock.swift */ = {isa = PBXFileReference; lastKnownFileType = sourcecode.swift; path = URLSessionMock.swift; sourceTree = "<group>"; };
		2A40D5352838F6A400F7D542 /* JsonFileName.swift */ = {isa = PBXFileReference; lastKnownFileType = sourcecode.swift; path = JsonFileName.swift; sourceTree = "<group>"; };
		2A40D5372838F6F400F7D542 /* ForecastData.json */ = {isa = PBXFileReference; lastKnownFileType = text.json; path = ForecastData.json; sourceTree = "<group>"; };
		2A40D53A2838F8B100F7D542 /* UnitTestsHelpers.swift */ = {isa = PBXFileReference; lastKnownFileType = sourcecode.swift; path = UnitTestsHelpers.swift; sourceTree = "<group>"; };
		2A40D53C2839103700F7D542 /* WeatherAlert.swift */ = {isa = PBXFileReference; lastKnownFileType = sourcecode.swift; path = WeatherAlert.swift; sourceTree = "<group>"; };
		2A40D53E2839173700F7D542 /* Info.plist */ = {isa = PBXFileReference; lastKnownFileType = text.plist.xml; path = Info.plist; sourceTree = "<group>"; };
		2A40D54328396E5600F7D542 /* MainProgressView.swift */ = {isa = PBXFileReference; lastKnownFileType = sourcecode.swift; path = MainProgressView.swift; sourceTree = "<group>"; };
		2A40D54628396F3400F7D542 /* Color+Name.swift */ = {isa = PBXFileReference; lastKnownFileType = sourcecode.swift; path = "Color+Name.swift"; sourceTree = "<group>"; };
		2A40D54A283979F600F7D542 /* CoreDataModel.xcdatamodel */ = {isa = PBXFileReference; lastKnownFileType = wrapper.xcdatamodel; path = CoreDataModel.xcdatamodel; sourceTree = "<group>"; };
		2A40D54C28397A1000F7D542 /* CoreDataService.swift */ = {isa = PBXFileReference; lastKnownFileType = sourcecode.swift; path = CoreDataService.swift; sourceTree = "<group>"; };
		2A40D5532839A54600F7D542 /* CityLocal.swift */ = {isa = PBXFileReference; lastKnownFileType = sourcecode.swift; path = CityLocal.swift; sourceTree = "<group>"; };
		2A735DD328D90504002EAFA9 /* WeatherCell.swift */ = {isa = PBXFileReference; lastKnownFileType = sourcecode.swift; path = WeatherCell.swift; sourceTree = "<group>"; };
		2A735DD628D90662002EAFA9 /* WeatherFixtures.swift */ = {isa = PBXFileReference; lastKnownFileType = sourcecode.swift; path = WeatherFixtures.swift; sourceTree = "<group>"; };
		2A735DDA28D90F4D002EAFA9 /* SmallTemperatureView.swift */ = {isa = PBXFileReference; lastKnownFileType = sourcecode.swift; path = SmallTemperatureView.swift; sourceTree = "<group>"; };
		2A735DE128D92ADA002EAFA9 /* WeatherDetailsView.swift */ = {isa = PBXFileReference; lastKnownFileType = sourcecode.swift; path = WeatherDetailsView.swift; sourceTree = "<group>"; };
		2AE14CAE283A92110041BA5E /* WeatherLocal.swift */ = {isa = PBXFileReference; lastKnownFileType = sourcecode.swift; path = WeatherLocal.swift; sourceTree = "<group>"; };
		2AE14CB0283A96190041BA5E /* Date+Format.swift */ = {isa = PBXFileReference; lastKnownFileType = sourcecode.swift; path = "Date+Format.swift"; sourceTree = "<group>"; };
		2AF1B75728DA7CCC00935731 /* MediumTemperatureView.swift */ = {isa = PBXFileReference; lastKnownFileType = sourcecode.swift; path = MediumTemperatureView.swift; sourceTree = "<group>"; };
		2AF1B75C28DBB3D900935731 /* AsyncImageView.swift */ = {isa = PBXFileReference; lastKnownFileType = sourcecode.swift; path = AsyncImageView.swift; sourceTree = "<group>"; };
/* End PBXFileReference section */

/* Begin PBXFrameworksBuildPhase section */
		2A40D4D72838498200F7D542 /* Frameworks */ = {
			isa = PBXFrameworksBuildPhase;
			buildActionMask = 2147483647;
			files = (
			);
			runOnlyForDeploymentPostprocessing = 0;
		};
		2A40D4EC28384ED300F7D542 /* Frameworks */ = {
			isa = PBXFrameworksBuildPhase;
			buildActionMask = 2147483647;
			files = (
			);
			runOnlyForDeploymentPostprocessing = 0;
		};
/* End PBXFrameworksBuildPhase section */

/* Begin PBXGroup section */
		2A40D4D12838498200F7D542 = {
			isa = PBXGroup;
			children = (
				2A40D4DC2838498200F7D542 /* VeepeeWeather */,
				2A40D4F828384ED900F7D542 /* VeepeeWeatherTestPlans */,
				2A40D4F028384ED300F7D542 /* VeepeeWeatherTests */,
				2A40D4DB2838498200F7D542 /* Products */,
			);
			sourceTree = "<group>";
		};
		2A40D4DB2838498200F7D542 /* Products */ = {
			isa = PBXGroup;
			children = (
				2A40D4DA2838498200F7D542 /* VeepeeWeather.app */,
				2A40D4EF28384ED300F7D542 /* VeepeeWeatherTests.xctest */,
			);
			name = Products;
			sourceTree = "<group>";
		};
		2A40D4DC2838498200F7D542 /* VeepeeWeather */ = {
			isa = PBXGroup;
			children = (
				2A40D5002838544600F7D542 /* Assets */,
				2A40D53F28391BD600F7D542 /* Configurations */,
				2A40D5032838552300F7D542 /* Enums */,
				2A40D54528396EFF00F7D542 /* Extensions */,
				2A735DDC28D92A2D002EAFA9 /* Features */,
				2A40D4FA28384FC600F7D542 /* Main */,
				2A40D518283871BA00F7D542 /* Models */,
				2A40D509283856C000F7D542 /* Protocols */,
				2A40D5062838567700F7D542 /* Services */,
				2A735DD528D9063D002EAFA9 /* Tools */,
				2A40D50F2838603000F7D542 /* Views */,
			);
			path = VeepeeWeather;
			sourceTree = "<group>";
		};
		2A40D4E32838498200F7D542 /* Preview Content */ = {
			isa = PBXGroup;
			children = (
				2A40D4E42838498200F7D542 /* Preview Assets.xcassets */,
			);
			path = "Preview Content";
			sourceTree = "<group>";
		};
		2A40D4F028384ED300F7D542 /* VeepeeWeatherTests */ = {
			isa = PBXGroup;
			children = (
				2A40D5202838773800F7D542 /* Cases */,
				2A40D5262838E57200F7D542 /* Doubles */,
				2A40D5392838F89300F7D542 /* Helpers */,
			);
			path = VeepeeWeatherTests;
			sourceTree = "<group>";
		};
		2A40D4F828384ED900F7D542 /* VeepeeWeatherTestPlans */ = {
			isa = PBXGroup;
			children = (
				2A40D4F928384EF800F7D542 /* Development.xctestplan */,
			);
			path = VeepeeWeatherTestPlans;
			sourceTree = "<group>";
		};
		2A40D4FA28384FC600F7D542 /* Main */ = {
			isa = PBXGroup;
			children = (
				2A40D4DD2838498200F7D542 /* VeepeeWeatherApp.swift */,
				2A40D4FB28384FE700F7D542 /* VeepeeWeatherAppTests.swift */,
				2A40D4FD283850CE00F7D542 /* VeepeeWeatherMain.swift */,
			);
			path = Main;
			sourceTree = "<group>";
		};
		2A40D4FF2838535200F7D542 /* Navigations */ = {
			isa = PBXGroup;
			children = (
				2A40D4DF2838498200F7D542 /* ContentView.swift */,
				2A40D501283854B900F7D542 /* TabBarNavigationView.swift */,
				2A40D50D28385B7700F7D542 /* SideBarNavigationView.swift */,
			);
			path = Navigations;
			sourceTree = "<group>";
		};
		2A40D5002838544600F7D542 /* Assets */ = {
			isa = PBXGroup;
			children = (
				2A40D4E32838498200F7D542 /* Preview Content */,
				2A40D4E12838498200F7D542 /* Assets.xcassets */,
			);
			path = Assets;
			sourceTree = "<group>";
		};
		2A40D5032838552300F7D542 /* Enums */ = {
			isa = PBXGroup;
			children = (
				2A40D5042838560C00F7D542 /* NavigationItem.swift */,
				2A40D51B2838747A00F7D542 /* ServerSideError.swift */,
				2A40D53C2839103700F7D542 /* WeatherAlert.swift */,
			);
			path = Enums;
			sourceTree = "<group>";
		};
		2A40D5062838567700F7D542 /* Services */ = {
			isa = PBXGroup;
			children = (
				2A40D5482839734600F7D542 /* CoreData */,
				2A40D5312838EF0700F7D542 /* Navigation */,
				2A40D5302838EEFF00F7D542 /* ServerSide */,
			);
			path = Services;
			sourceTree = "<group>";
		};
		2A40D509283856C000F7D542 /* Protocols */ = {
			isa = PBXGroup;
			children = (
				2A40D50A283856EC00F7D542 /* Navigation */,
				2A40D51528386FA100F7D542 /* URLSession */,
			);
			path = Protocols;
			sourceTree = "<group>";
		};
		2A40D50A283856EC00F7D542 /* Navigation */ = {
			isa = PBXGroup;
			children = (
				2A40D50B2838572500F7D542 /* NavigationProtocol.swift */,
			);
			path = Navigation;
			sourceTree = "<group>";
		};
		2A40D50F2838603000F7D542 /* Views */ = {
			isa = PBXGroup;
			children = (
				2A40D54128396E0300F7D542 /* Components */,
				2A40D4FF2838535200F7D542 /* Navigations */,
			);
			path = Views;
			sourceTree = "<group>";
		};
		2A40D51528386FA100F7D542 /* URLSession */ = {
			isa = PBXGroup;
			children = (
				2A40D51628386FBC00F7D542 /* URLSessionProtocol.swift */,
				2A40D5242838789100F7D542 /* ServerSideProtocol.swift */,
			);
			path = URLSession;
			sourceTree = "<group>";
		};
		2A40D518283871BA00F7D542 /* Models */ = {
			isa = PBXGroup;
			children = (
				2A40D5512839A4F100F7D542 /* Data */,
				2A40D5522839A4FC00F7D542 /* Local */,
			);
			path = Models;
			sourceTree = "<group>";
		};
		2A40D5202838773800F7D542 /* Cases */ = {
			isa = PBXGroup;
			children = (
				2A40D5212838774000F7D542 /* ViewModels */,
			);
			path = Cases;
			sourceTree = "<group>";
		};
		2A40D5212838774000F7D542 /* ViewModels */ = {
			isa = PBXGroup;
			children = (
				2A40D5222838775500F7D542 /* WeatherViewModelTests.swift */,
			);
			path = ViewModels;
			sourceTree = "<group>";
		};
		2A40D5262838E57200F7D542 /* Doubles */ = {
			isa = PBXGroup;
			children = (
				2A40D52B2838E88B00F7D542 /* Fakes */,
				2A40D5272838E57D00F7D542 /* Mocks */,
			);
			path = Doubles;
			sourceTree = "<group>";
		};
		2A40D5272838E57D00F7D542 /* Mocks */ = {
			isa = PBXGroup;
			children = (
				2A40D5282838E58900F7D542 /* Services */,
			);
			path = Mocks;
			sourceTree = "<group>";
		};
		2A40D5282838E58900F7D542 /* Services */ = {
			isa = PBXGroup;
			children = (
				2A40D52F2838EEF400F7D542 /* ServerSide */,
			);
			path = Services;
			sourceTree = "<group>";
		};
		2A40D52B2838E88B00F7D542 /* Fakes */ = {
			isa = PBXGroup;
			children = (
				2A40D5342838F69200F7D542 /* Jsons */,
				2A40D52C2838E89700F7D542 /* Models */,
			);
			path = Fakes;
			sourceTree = "<group>";
		};
		2A40D52C2838E89700F7D542 /* Models */ = {
			isa = PBXGroup;
			children = (
				2A40D52D2838E8A700F7D542 /* ForecastDataFakes.swift */,
			);
			path = Models;
			sourceTree = "<group>";
		};
		2A40D52F2838EEF400F7D542 /* ServerSide */ = {
			isa = PBXGroup;
			children = (
				2A40D5292838E5A300F7D542 /* ServerSideServiceMock.swift */,
				2A40D5322838EF2500F7D542 /* URLSessionMock.swift */,
			);
			path = ServerSide;
			sourceTree = "<group>";
		};
		2A40D5302838EEFF00F7D542 /* ServerSide */ = {
			isa = PBXGroup;
			children = (
				2A40D51328386DCB00F7D542 /* ServerSideService.swift */,
			);
			path = ServerSide;
			sourceTree = "<group>";
		};
		2A40D5312838EF0700F7D542 /* Navigation */ = {
			isa = PBXGroup;
			children = (
				2A40D5072838569800F7D542 /* NavigationService.swift */,
			);
			path = Navigation;
			sourceTree = "<group>";
		};
		2A40D5342838F69200F7D542 /* Jsons */ = {
			isa = PBXGroup;
			children = (
				2A40D5352838F6A400F7D542 /* JsonFileName.swift */,
				2A40D5372838F6F400F7D542 /* ForecastData.json */,
			);
			path = Jsons;
			sourceTree = "<group>";
		};
		2A40D5392838F89300F7D542 /* Helpers */ = {
			isa = PBXGroup;
			children = (
				2A40D53A2838F8B100F7D542 /* UnitTestsHelpers.swift */,
			);
			path = Helpers;
			sourceTree = "<group>";
		};
		2A40D53F28391BD600F7D542 /* Configurations */ = {
			isa = PBXGroup;
			children = (
				2A40D53E2839173700F7D542 /* Info.plist */,
			);
			path = Configurations;
			sourceTree = "<group>";
		};
		2A40D54128396E0300F7D542 /* Components */ = {
			isa = PBXGroup;
			children = (
				2A735DD228D904C8002EAFA9 /* Cells */,
				2AF1B75B28DBB3C200935731 /* Images */,
				2A40D54228396E0C00F7D542 /* ProgressView */,
				2A735DDE28D92A9E002EAFA9 /* Subviews */,
				2A735DD828D90F2A002EAFA9 /* Temperatures */,
			);
			path = Components;
			sourceTree = "<group>";
		};
		2A40D54228396E0C00F7D542 /* ProgressView */ = {
			isa = PBXGroup;
			children = (
				2A40D54328396E5600F7D542 /* MainProgressView.swift */,
			);
			path = ProgressView;
			sourceTree = "<group>";
		};
		2A40D54528396EFF00F7D542 /* Extensions */ = {
			isa = PBXGroup;
			children = (
				2A40D54628396F3400F7D542 /* Color+Name.swift */,
				2AE14CB0283A96190041BA5E /* Date+Format.swift */,
			);
			path = Extensions;
			sourceTree = "<group>";
		};
		2A40D5482839734600F7D542 /* CoreData */ = {
			isa = PBXGroup;
			children = (
				2A40D54C28397A1000F7D542 /* CoreDataService.swift */,
				2A40D549283979F600F7D542 /* CoreDataModel.xcdatamodeld */,
			);
			path = CoreData;
			sourceTree = "<group>";
		};
		2A40D5512839A4F100F7D542 /* Data */ = {
			isa = PBXGroup;
			children = (
				2A40D5192838720B00F7D542 /* ForecastData.swift */,
			);
			path = Data;
			sourceTree = "<group>";
		};
		2A40D5522839A4FC00F7D542 /* Local */ = {
			isa = PBXGroup;
			children = (
				2A40D5532839A54600F7D542 /* CityLocal.swift */,
				2AE14CAE283A92110041BA5E /* WeatherLocal.swift */,
			);
			path = Local;
			sourceTree = "<group>";
		};
		2A735DD228D904C8002EAFA9 /* Cells */ = {
			isa = PBXGroup;
			children = (
				2A735DD328D90504002EAFA9 /* WeatherCell.swift */,
			);
			path = Cells;
			sourceTree = "<group>";
		};
		2A735DD528D9063D002EAFA9 /* Tools */ = {
			isa = PBXGroup;
			children = (
				2A735DD628D90662002EAFA9 /* WeatherFixtures.swift */,
			);
			path = Tools;
			sourceTree = "<group>";
		};
		2A735DD828D90F2A002EAFA9 /* Temperatures */ = {
			isa = PBXGroup;
			children = (
				2AF1B75728DA7CCC00935731 /* MediumTemperatureView.swift */,
				2A735DDA28D90F4D002EAFA9 /* SmallTemperatureView.swift */,
			);
			path = Temperatures;
			sourceTree = "<group>";
		};
		2A735DDC28D92A2D002EAFA9 /* Features */ = {
			isa = PBXGroup;
			children = (
				2A735DDD28D92A35002EAFA9 /* Weather */,
			);
			path = Features;
			sourceTree = "<group>";
		};
		2A735DDD28D92A35002EAFA9 /* Weather */ = {
			isa = PBXGroup;
			children = (
				2A40D51E283876F200F7D542 /* WeatherViewModel.swift */,
				2A40D5112838654800F7D542 /* WeatherView.swift */,
			);
			path = Weather;
			sourceTree = "<group>";
		};
		2A735DDE28D92A9E002EAFA9 /* Subviews */ = {
			isa = PBXGroup;
			children = (
				2A735DE128D92ADA002EAFA9 /* WeatherDetailsView.swift */,
			);
			path = Subviews;
			sourceTree = "<group>";
		};
		2AF1B75B28DBB3C200935731 /* Images */ = {
			isa = PBXGroup;
			children = (
				2AF1B75C28DBB3D900935731 /* AsyncImageView.swift */,
			);
			path = Images;
			sourceTree = "<group>";
		};
/* End PBXGroup section */

/* Begin PBXNativeTarget section */
		2A40D4D92838498200F7D542 /* VeepeeWeather */ = {
			isa = PBXNativeTarget;
			buildConfigurationList = 2A40D4E82838498200F7D542 /* Build configuration list for PBXNativeTarget "VeepeeWeather" */;
			buildPhases = (
				2A40D4D62838498200F7D542 /* Sources */,
				2A40D4D72838498200F7D542 /* Frameworks */,
				2A40D4D82838498200F7D542 /* Resources */,
			);
			buildRules = (
			);
			dependencies = (
			);
			name = VeepeeWeather;
			productName = VeepeeWeather;
			productReference = 2A40D4DA2838498200F7D542 /* VeepeeWeather.app */;
			productType = "com.apple.product-type.application";
		};
		2A40D4EE28384ED300F7D542 /* VeepeeWeatherTests */ = {
			isa = PBXNativeTarget;
			buildConfigurationList = 2A40D4F528384ED300F7D542 /* Build configuration list for PBXNativeTarget "VeepeeWeatherTests" */;
			buildPhases = (
				2A40D4EB28384ED300F7D542 /* Sources */,
				2A40D4EC28384ED300F7D542 /* Frameworks */,
				2A40D4ED28384ED300F7D542 /* Resources */,
			);
			buildRules = (
			);
			dependencies = (
				2A40D4F428384ED300F7D542 /* PBXTargetDependency */,
			);
			name = VeepeeWeatherTests;
			productName = VeepeeWeatherTests;
			productReference = 2A40D4EF28384ED300F7D542 /* VeepeeWeatherTests.xctest */;
			productType = "com.apple.product-type.bundle.unit-test";
		};
/* End PBXNativeTarget section */

/* Begin PBXProject section */
		2A40D4D22838498200F7D542 /* Project object */ = {
			isa = PBXProject;
			attributes = {
				BuildIndependentTargetsInParallel = 1;
				LastSwiftUpdateCheck = 1340;
				LastUpgradeCheck = 1340;
				TargetAttributes = {
					2A40D4D92838498200F7D542 = {
						CreatedOnToolsVersion = 13.4;
					};
					2A40D4EE28384ED300F7D542 = {
						CreatedOnToolsVersion = 13.4;
						TestTargetID = 2A40D4D92838498200F7D542;
					};
				};
			};
			buildConfigurationList = 2A40D4D52838498200F7D542 /* Build configuration list for PBXProject "VeepeeWeather" */;
			compatibilityVersion = "Xcode 13.0";
			developmentRegion = en;
			hasScannedForEncodings = 0;
			knownRegions = (
				en,
				Base,
			);
			mainGroup = 2A40D4D12838498200F7D542;
			productRefGroup = 2A40D4DB2838498200F7D542 /* Products */;
			projectDirPath = "";
			projectRoot = "";
			targets = (
				2A40D4D92838498200F7D542 /* VeepeeWeather */,
				2A40D4EE28384ED300F7D542 /* VeepeeWeatherTests */,
			);
		};
/* End PBXProject section */

/* Begin PBXResourcesBuildPhase section */
		2A40D4D82838498200F7D542 /* Resources */ = {
			isa = PBXResourcesBuildPhase;
			buildActionMask = 2147483647;
			files = (
				2A40D4E52838498200F7D542 /* Preview Assets.xcassets in Resources */,
				2A40D4E22838498200F7D542 /* Assets.xcassets in Resources */,
			);
			runOnlyForDeploymentPostprocessing = 0;
		};
		2A40D4ED28384ED300F7D542 /* Resources */ = {
			isa = PBXResourcesBuildPhase;
			buildActionMask = 2147483647;
			files = (
				2A40D5382838F6F400F7D542 /* ForecastData.json in Resources */,
			);
			runOnlyForDeploymentPostprocessing = 0;
		};
/* End PBXResourcesBuildPhase section */

/* Begin PBXSourcesBuildPhase section */
		2A40D4D62838498200F7D542 /* Sources */ = {
			isa = PBXSourcesBuildPhase;
			buildActionMask = 2147483647;
			files = (
				2A735DE228D92ADA002EAFA9 /* WeatherDetailsView.swift in Sources */,
				2A40D51728386FBC00F7D542 /* URLSessionProtocol.swift in Sources */,
				2A40D5252838789100F7D542 /* ServerSideProtocol.swift in Sources */,
				2A40D5542839A54600F7D542 /* CityLocal.swift in Sources */,
				2A735DDB28D90F4D002EAFA9 /* SmallTemperatureView.swift in Sources */,
				2A40D5052838560C00F7D542 /* NavigationItem.swift in Sources */,
				2A735DD428D90504002EAFA9 /* WeatherCell.swift in Sources */,
				2A40D51A2838720B00F7D542 /* ForecastData.swift in Sources */,
				2A40D4FC28384FE700F7D542 /* VeepeeWeatherAppTests.swift in Sources */,
				2AE14CB1283A96190041BA5E /* Date+Format.swift in Sources */,
				2AE14CAF283A92110041BA5E /* WeatherLocal.swift in Sources */,
				2A40D4FE283850CE00F7D542 /* VeepeeWeatherMain.swift in Sources */,
				2A40D4E02838498200F7D542 /* ContentView.swift in Sources */,
				2A40D54D28397A1000F7D542 /* CoreDataService.swift in Sources */,
				2A40D51C2838747A00F7D542 /* ServerSideError.swift in Sources */,
				2A40D502283854B900F7D542 /* TabBarNavigationView.swift in Sources */,
				2A735DD728D90662002EAFA9 /* WeatherFixtures.swift in Sources */,
				2A40D5122838654800F7D542 /* WeatherView.swift in Sources */,
				2A40D54428396E5600F7D542 /* MainProgressView.swift in Sources */,
				2A40D51428386DCB00F7D542 /* ServerSideService.swift in Sources */,
				2A40D51F283876F200F7D542 /* WeatherViewModel.swift in Sources */,
				2A40D53D2839103700F7D542 /* WeatherAlert.swift in Sources */,
				2A40D54B283979F600F7D542 /* CoreDataModel.xcdatamodeld in Sources */,
				2AF1B75D28DBB3D900935731 /* AsyncImageView.swift in Sources */,
				2AF1B75828DA7CCC00935731 /* MediumTemperatureView.swift in Sources */,
				2A40D50C2838572500F7D542 /* NavigationProtocol.swift in Sources */,
				2A40D4DE2838498200F7D542 /* VeepeeWeatherApp.swift in Sources */,
				2A40D54728396F3400F7D542 /* Color+Name.swift in Sources */,
				2A40D5082838569800F7D542 /* NavigationService.swift in Sources */,
				2A40D50E28385B7700F7D542 /* SideBarNavigationView.swift in Sources */,
			);
			runOnlyForDeploymentPostprocessing = 0;
		};
		2A40D4EB28384ED300F7D542 /* Sources */ = {
			isa = PBXSourcesBuildPhase;
			buildActionMask = 2147483647;
			files = (
				2A40D5332838EF2500F7D542 /* URLSessionMock.swift in Sources */,
				2A40D5232838775500F7D542 /* WeatherViewModelTests.swift in Sources */,
				2A40D52E2838E8A700F7D542 /* ForecastDataFakes.swift in Sources */,
				2A40D52A2838E5A300F7D542 /* ServerSideServiceMock.swift in Sources */,
				2A40D5362838F6A400F7D542 /* JsonFileName.swift in Sources */,
				2A40D53B2838F8B100F7D542 /* UnitTestsHelpers.swift in Sources */,
			);
			runOnlyForDeploymentPostprocessing = 0;
		};
/* End PBXSourcesBuildPhase section */

/* Begin PBXTargetDependency section */
		2A40D4F428384ED300F7D542 /* PBXTargetDependency */ = {
			isa = PBXTargetDependency;
			target = 2A40D4D92838498200F7D542 /* VeepeeWeather */;
			targetProxy = 2A40D4F328384ED300F7D542 /* PBXContainerItemProxy */;
		};
/* End PBXTargetDependency section */

/* Begin XCBuildConfiguration section */
		2A40D4E62838498200F7D542 /* Debug */ = {
			isa = XCBuildConfiguration;
			buildSettings = {
				ALWAYS_SEARCH_USER_PATHS = NO;
				CLANG_ANALYZER_NONNULL = YES;
				CLANG_ANALYZER_NUMBER_OBJECT_CONVERSION = YES_AGGRESSIVE;
				CLANG_CXX_LANGUAGE_STANDARD = "gnu++17";
				CLANG_ENABLE_MODULES = YES;
				CLANG_ENABLE_OBJC_ARC = YES;
				CLANG_ENABLE_OBJC_WEAK = YES;
				CLANG_WARN_BLOCK_CAPTURE_AUTORELEASING = YES;
				CLANG_WARN_BOOL_CONVERSION = YES;
				CLANG_WARN_COMMA = YES;
				CLANG_WARN_CONSTANT_CONVERSION = YES;
				CLANG_WARN_DEPRECATED_OBJC_IMPLEMENTATIONS = YES;
				CLANG_WARN_DIRECT_OBJC_ISA_USAGE = YES_ERROR;
				CLANG_WARN_DOCUMENTATION_COMMENTS = YES;
				CLANG_WARN_EMPTY_BODY = YES;
				CLANG_WARN_ENUM_CONVERSION = YES;
				CLANG_WARN_INFINITE_RECURSION = YES;
				CLANG_WARN_INT_CONVERSION = YES;
				CLANG_WARN_NON_LITERAL_NULL_CONVERSION = YES;
				CLANG_WARN_OBJC_IMPLICIT_RETAIN_SELF = YES;
				CLANG_WARN_OBJC_LITERAL_CONVERSION = YES;
				CLANG_WARN_OBJC_ROOT_CLASS = YES_ERROR;
				CLANG_WARN_QUOTED_INCLUDE_IN_FRAMEWORK_HEADER = YES;
				CLANG_WARN_RANGE_LOOP_ANALYSIS = YES;
				CLANG_WARN_STRICT_PROTOTYPES = YES;
				CLANG_WARN_SUSPICIOUS_MOVE = YES;
				CLANG_WARN_UNGUARDED_AVAILABILITY = YES_AGGRESSIVE;
				CLANG_WARN_UNREACHABLE_CODE = YES;
				CLANG_WARN__DUPLICATE_METHOD_MATCH = YES;
				COPY_PHASE_STRIP = NO;
				DEBUG_INFORMATION_FORMAT = dwarf;
				ENABLE_STRICT_OBJC_MSGSEND = YES;
				ENABLE_TESTABILITY = YES;
				GCC_C_LANGUAGE_STANDARD = gnu11;
				GCC_DYNAMIC_NO_PIC = NO;
				GCC_NO_COMMON_BLOCKS = YES;
				GCC_OPTIMIZATION_LEVEL = 0;
				GCC_PREPROCESSOR_DEFINITIONS = (
					"DEBUG=1",
					"$(inherited)",
				);
				GCC_WARN_64_TO_32_BIT_CONVERSION = YES;
				GCC_WARN_ABOUT_RETURN_TYPE = YES_ERROR;
				GCC_WARN_UNDECLARED_SELECTOR = YES;
				GCC_WARN_UNINITIALIZED_AUTOS = YES_AGGRESSIVE;
				GCC_WARN_UNUSED_FUNCTION = YES;
				GCC_WARN_UNUSED_VARIABLE = YES;
				IPHONEOS_DEPLOYMENT_TARGET = 15.5;
				MTL_ENABLE_DEBUG_INFO = INCLUDE_SOURCE;
				MTL_FAST_MATH = YES;
				ONLY_ACTIVE_ARCH = YES;
				SDKROOT = iphoneos;
				SWIFT_ACTIVE_COMPILATION_CONDITIONS = DEBUG;
				SWIFT_OPTIMIZATION_LEVEL = "-Onone";
			};
			name = Debug;
		};
		2A40D4E72838498200F7D542 /* Release */ = {
			isa = XCBuildConfiguration;
			buildSettings = {
				ALWAYS_SEARCH_USER_PATHS = NO;
				CLANG_ANALYZER_NONNULL = YES;
				CLANG_ANALYZER_NUMBER_OBJECT_CONVERSION = YES_AGGRESSIVE;
				CLANG_CXX_LANGUAGE_STANDARD = "gnu++17";
				CLANG_ENABLE_MODULES = YES;
				CLANG_ENABLE_OBJC_ARC = YES;
				CLANG_ENABLE_OBJC_WEAK = YES;
				CLANG_WARN_BLOCK_CAPTURE_AUTORELEASING = YES;
				CLANG_WARN_BOOL_CONVERSION = YES;
				CLANG_WARN_COMMA = YES;
				CLANG_WARN_CONSTANT_CONVERSION = YES;
				CLANG_WARN_DEPRECATED_OBJC_IMPLEMENTATIONS = YES;
				CLANG_WARN_DIRECT_OBJC_ISA_USAGE = YES_ERROR;
				CLANG_WARN_DOCUMENTATION_COMMENTS = YES;
				CLANG_WARN_EMPTY_BODY = YES;
				CLANG_WARN_ENUM_CONVERSION = YES;
				CLANG_WARN_INFINITE_RECURSION = YES;
				CLANG_WARN_INT_CONVERSION = YES;
				CLANG_WARN_NON_LITERAL_NULL_CONVERSION = YES;
				CLANG_WARN_OBJC_IMPLICIT_RETAIN_SELF = YES;
				CLANG_WARN_OBJC_LITERAL_CONVERSION = YES;
				CLANG_WARN_OBJC_ROOT_CLASS = YES_ERROR;
				CLANG_WARN_QUOTED_INCLUDE_IN_FRAMEWORK_HEADER = YES;
				CLANG_WARN_RANGE_LOOP_ANALYSIS = YES;
				CLANG_WARN_STRICT_PROTOTYPES = YES;
				CLANG_WARN_SUSPICIOUS_MOVE = YES;
				CLANG_WARN_UNGUARDED_AVAILABILITY = YES_AGGRESSIVE;
				CLANG_WARN_UNREACHABLE_CODE = YES;
				CLANG_WARN__DUPLICATE_METHOD_MATCH = YES;
				COPY_PHASE_STRIP = NO;
				DEBUG_INFORMATION_FORMAT = "dwarf-with-dsym";
				ENABLE_NS_ASSERTIONS = NO;
				ENABLE_STRICT_OBJC_MSGSEND = YES;
				GCC_C_LANGUAGE_STANDARD = gnu11;
				GCC_NO_COMMON_BLOCKS = YES;
				GCC_WARN_64_TO_32_BIT_CONVERSION = YES;
				GCC_WARN_ABOUT_RETURN_TYPE = YES_ERROR;
				GCC_WARN_UNDECLARED_SELECTOR = YES;
				GCC_WARN_UNINITIALIZED_AUTOS = YES_AGGRESSIVE;
				GCC_WARN_UNUSED_FUNCTION = YES;
				GCC_WARN_UNUSED_VARIABLE = YES;
				IPHONEOS_DEPLOYMENT_TARGET = 15.5;
				MTL_ENABLE_DEBUG_INFO = NO;
				MTL_FAST_MATH = YES;
				SDKROOT = iphoneos;
				SWIFT_COMPILATION_MODE = wholemodule;
				SWIFT_OPTIMIZATION_LEVEL = "-O";
				VALIDATE_PRODUCT = YES;
			};
			name = Release;
		};
		2A40D4E92838498200F7D542 /* Debug */ = {
			isa = XCBuildConfiguration;
			buildSettings = {
				ASSETCATALOG_COMPILER_APPICON_NAME = AppIcon;
				ASSETCATALOG_COMPILER_GLOBAL_ACCENT_COLOR_NAME = AccentColor;
				CODE_SIGN_ENTITLEMENTS = "";
				CODE_SIGN_STYLE = Automatic;
				CURRENT_PROJECT_VERSION = 1;
				DEVELOPMENT_ASSET_PATHS = "\"VeepeeWeather/Assets/Preview Content\"";
				DEVELOPMENT_TEAM = P8UNJX8SHV;
				ENABLE_PREVIEWS = YES;
				GENERATE_INFOPLIST_FILE = YES;
				INFOPLIST_FILE = VeepeeWeather/Configurations/Info.plist;
				INFOPLIST_KEY_UIApplicationSceneManifest_Generation = YES;
				INFOPLIST_KEY_UIApplicationSupportsIndirectInputEvents = YES;
				INFOPLIST_KEY_UILaunchScreen_Generation = YES;
				INFOPLIST_KEY_UISupportedInterfaceOrientations_iPad = "UIInterfaceOrientationPortrait UIInterfaceOrientationPortraitUpsideDown UIInterfaceOrientationLandscapeLeft UIInterfaceOrientationLandscapeRight";
				INFOPLIST_KEY_UISupportedInterfaceOrientations_iPhone = "UIInterfaceOrientationPortrait UIInterfaceOrientationLandscapeLeft UIInterfaceOrientationLandscapeRight";
				LD_RUNPATH_SEARCH_PATHS = (
					"$(inherited)",
					"@executable_path/Frameworks",
				);
				MARKETING_VERSION = 1.0;
				PRODUCT_BUNDLE_IDENTIFIER = eu.RolandLariotte.VeepeeWeather;
				PRODUCT_NAME = "$(TARGET_NAME)";
				SWIFT_EMIT_LOC_STRINGS = YES;
				SWIFT_VERSION = 5.0;
				TARGETED_DEVICE_FAMILY = "1,2";
			};
			name = Debug;
		};
		2A40D4EA2838498200F7D542 /* Release */ = {
			isa = XCBuildConfiguration;
			buildSettings = {
				ASSETCATALOG_COMPILER_APPICON_NAME = AppIcon;
				ASSETCATALOG_COMPILER_GLOBAL_ACCENT_COLOR_NAME = AccentColor;
				CODE_SIGN_ENTITLEMENTS = "";
				CODE_SIGN_STYLE = Automatic;
				CURRENT_PROJECT_VERSION = 1;
				DEVELOPMENT_ASSET_PATHS = "\"VeepeeWeather/Assets/Preview Content\"";
				DEVELOPMENT_TEAM = P8UNJX8SHV;
				ENABLE_PREVIEWS = YES;
				GENERATE_INFOPLIST_FILE = YES;
				INFOPLIST_FILE = VeepeeWeather/Configurations/Info.plist;
				INFOPLIST_KEY_UIApplicationSceneManifest_Generation = YES;
				INFOPLIST_KEY_UIApplicationSupportsIndirectInputEvents = YES;
				INFOPLIST_KEY_UILaunchScreen_Generation = YES;
				INFOPLIST_KEY_UISupportedInterfaceOrientations_iPad = "UIInterfaceOrientationPortrait UIInterfaceOrientationPortraitUpsideDown UIInterfaceOrientationLandscapeLeft UIInterfaceOrientationLandscapeRight";
				INFOPLIST_KEY_UISupportedInterfaceOrientations_iPhone = "UIInterfaceOrientationPortrait UIInterfaceOrientationLandscapeLeft UIInterfaceOrientationLandscapeRight";
				LD_RUNPATH_SEARCH_PATHS = (
					"$(inherited)",
					"@executable_path/Frameworks",
				);
				MARKETING_VERSION = 1.0;
				PRODUCT_BUNDLE_IDENTIFIER = eu.RolandLariotte.VeepeeWeather;
				PRODUCT_NAME = "$(TARGET_NAME)";
				SWIFT_EMIT_LOC_STRINGS = YES;
				SWIFT_VERSION = 5.0;
				TARGETED_DEVICE_FAMILY = "1,2";
			};
			name = Release;
		};
		2A40D4F628384ED300F7D542 /* Debug */ = {
			isa = XCBuildConfiguration;
			buildSettings = {
				BUNDLE_LOADER = "$(TEST_HOST)";
				CODE_SIGN_STYLE = Automatic;
				CURRENT_PROJECT_VERSION = 1;
				DEVELOPMENT_TEAM = P8UNJX8SHV;
				GENERATE_INFOPLIST_FILE = YES;
				MARKETING_VERSION = 1.0;
				PRODUCT_BUNDLE_IDENTIFIER = eu.RolandLariotte.VeepeeWeatherTests;
				PRODUCT_NAME = "$(TARGET_NAME)";
				SWIFT_EMIT_LOC_STRINGS = NO;
				SWIFT_VERSION = 5.0;
				TARGETED_DEVICE_FAMILY = "1,2";
				TEST_HOST = "$(BUILT_PRODUCTS_DIR)/VeepeeWeather.app/VeepeeWeather";
			};
			name = Debug;
		};
		2A40D4F728384ED300F7D542 /* Release */ = {
			isa = XCBuildConfiguration;
			buildSettings = {
				BUNDLE_LOADER = "$(TEST_HOST)";
				CODE_SIGN_STYLE = Automatic;
				CURRENT_PROJECT_VERSION = 1;
				DEVELOPMENT_TEAM = P8UNJX8SHV;
				GENERATE_INFOPLIST_FILE = YES;
				MARKETING_VERSION = 1.0;
				PRODUCT_BUNDLE_IDENTIFIER = eu.RolandLariotte.VeepeeWeatherTests;
				PRODUCT_NAME = "$(TARGET_NAME)";
				SWIFT_EMIT_LOC_STRINGS = NO;
				SWIFT_VERSION = 5.0;
				TARGETED_DEVICE_FAMILY = "1,2";
				TEST_HOST = "$(BUILT_PRODUCTS_DIR)/VeepeeWeather.app/VeepeeWeather";
			};
			name = Release;
		};
/* End XCBuildConfiguration section */

/* Begin XCConfigurationList section */
		2A40D4D52838498200F7D542 /* Build configuration list for PBXProject "VeepeeWeather" */ = {
			isa = XCConfigurationList;
			buildConfigurations = (
				2A40D4E62838498200F7D542 /* Debug */,
				2A40D4E72838498200F7D542 /* Release */,
			);
			defaultConfigurationIsVisible = 0;
			defaultConfigurationName = Release;
		};
		2A40D4E82838498200F7D542 /* Build configuration list for PBXNativeTarget "VeepeeWeather" */ = {
			isa = XCConfigurationList;
			buildConfigurations = (
				2A40D4E92838498200F7D542 /* Debug */,
				2A40D4EA2838498200F7D542 /* Release */,
			);
			defaultConfigurationIsVisible = 0;
			defaultConfigurationName = Release;
		};
		2A40D4F528384ED300F7D542 /* Build configuration list for PBXNativeTarget "VeepeeWeatherTests" */ = {
			isa = XCConfigurationList;
			buildConfigurations = (
				2A40D4F628384ED300F7D542 /* Debug */,
				2A40D4F728384ED300F7D542 /* Release */,
			);
			defaultConfigurationIsVisible = 0;
			defaultConfigurationName = Release;
		};
/* End XCConfigurationList section */

/* Begin XCVersionGroup section */
		2A40D549283979F600F7D542 /* CoreDataModel.xcdatamodeld */ = {
			isa = XCVersionGroup;
			children = (
				2A40D54A283979F600F7D542 /* CoreDataModel.xcdatamodel */,
			);
			currentVersion = 2A40D54A283979F600F7D542 /* CoreDataModel.xcdatamodel */;
			path = CoreDataModel.xcdatamodeld;
			sourceTree = "<group>";
			versionGroupType = wrapper.xcdatamodel;
		};
/* End XCVersionGroup section */
	};
	rootObject = 2A40D4D22838498200F7D542 /* Project object */;
}
